// !$*UTF8*$!
{
	archiveVersion = 1;
	classes = {
	};
	objectVersion = 46;
	objects = {

/* Begin PBXBuildFile section */
		EBDD565D1AA6905B00DE40B7 /* AppDelegate.swift in Sources */ = {isa = PBXBuildFile; fileRef = EBDD565C1AA6905B00DE40B7 /* AppDelegate.swift */; };
		EBDD565F1AA6905B00DE40B7 /* ViewController.swift in Sources */ = {isa = PBXBuildFile; fileRef = EBDD565E1AA6905B00DE40B7 /* ViewController.swift */; };
		EBDD56621AA6905B00DE40B7 /* Main.storyboard in Resources */ = {isa = PBXBuildFile; fileRef = EBDD56601AA6905B00DE40B7 /* Main.storyboard */; };
		EBDD56641AA6905B00DE40B7 /* Images.xcassets in Resources */ = {isa = PBXBuildFile; fileRef = EBDD56631AA6905B00DE40B7 /* Images.xcassets */; };
		EBDD56671AA6905B00DE40B7 /* LaunchScreen.xib in Resources */ = {isa = PBXBuildFile; fileRef = EBDD56651AA6905B00DE40B7 /* LaunchScreen.xib */; };
		EBDD56731AA6905B00DE40B7 /* RelationShipCounterTests.swift in Sources */ = {isa = PBXBuildFile; fileRef = EBDD56721AA6905B00DE40B7 /* RelationShipCounterTests.swift */; };
/* End PBXBuildFile section */

/* Begin PBXContainerItemProxy section */
		EBDD566D1AA6905B00DE40B7 /* PBXContainerItemProxy */ = {
			isa = PBXContainerItemProxy;
			containerPortal = EBDD564F1AA6905B00DE40B7 /* Project object */;
			proxyType = 1;
			remoteGlobalIDString = EBDD56561AA6905B00DE40B7;
			remoteInfo = RelationShipCounter;
		};
/* End PBXContainerItemProxy section */

/* Begin PBXFileReference section */
		EBDD56571AA6905B00DE40B7 /* RelationShipCounter.app */ = {isa = PBXFileReference; explicitFileType = wrapper.application; includeInIndex = 0; path = RelationShipCounter.app; sourceTree = BUILT_PRODUCTS_DIR; };
		EBDD565B1AA6905B00DE40B7 /* Info.plist */ = {isa = PBXFileReference; lastKnownFileType = text.plist.xml; path = Info.plist; sourceTree = "<group>"; };
		EBDD565C1AA6905B00DE40B7 /* AppDelegate.swift */ = {isa = PBXFileReference; lastKnownFileType = sourcecode.swift; path = AppDelegate.swift; sourceTree = "<group>"; };
		EBDD565E1AA6905B00DE40B7 /* ViewController.swift */ = {isa = PBXFileReference; lastKnownFileType = sourcecode.swift; path = ViewController.swift; sourceTree = "<group>"; };
		EBDD56611AA6905B00DE40B7 /* Base */ = {isa = PBXFileReference; lastKnownFileType = file.storyboard; name = Base; path = Base.lproj/Main.storyboard; sourceTree = "<group>"; };
		EBDD56631AA6905B00DE40B7 /* Images.xcassets */ = {isa = PBXFileReference; lastKnownFileType = folder.assetcatalog; path = Images.xcassets; sourceTree = "<group>"; };
		EBDD56661AA6905B00DE40B7 /* Base */ = {isa = PBXFileReference; lastKnownFileType = file.xib; name = Base; path = Base.lproj/LaunchScreen.xib; sourceTree = "<group>"; };
		EBDD566C1AA6905B00DE40B7 /* RelationShipCounterTests.xctest */ = {isa = PBXFileReference; explicitFileType = wrapper.cfbundle; includeInIndex = 0; path = RelationShipCounterTests.xctest; sourceTree = BUILT_PRODUCTS_DIR; };
		EBDD56711AA6905B00DE40B7 /* Info.plist */ = {isa = PBXFileReference; lastKnownFileType = text.plist.xml; path = Info.plist; sourceTree = "<group>"; };
		EBDD56721AA6905B00DE40B7 /* RelationShipCounterTests.swift */ = {isa = PBXFileReference; lastKnownFileType = sourcecode.swift; path = RelationShipCounterTests.swift; sourceTree = "<group>"; };
/* End PBXFileReference section */

/* Begin PBXFrameworksBuildPhase section */
		EBDD56541AA6905B00DE40B7 /* Frameworks */ = {
			isa = PBXFrameworksBuildPhase;
			buildActionMask = 2147483647;
			files = (
			);
			runOnlyForDeploymentPostprocessing = 0;
		};
		EBDD56691AA6905B00DE40B7 /* Frameworks */ = {
			isa = PBXFrameworksBuildPhase;
			buildActionMask = 2147483647;
			files = (
			);
			runOnlyForDeploymentPostprocessing = 0;
		};
/* End PBXFrameworksBuildPhase section */

/* Begin PBXGroup section */
		EBDD564E1AA6905B00DE40B7 = {
			isa = PBXGroup;
			children = (
				EBDD56591AA6905B00DE40B7 /* RelationShipCounter */,
				EBDD566F1AA6905B00DE40B7 /* RelationShipCounterTests */,
				EBDD56581AA6905B00DE40B7 /* Products */,
			);
			sourceTree = "<group>";
		};
		EBDD56581AA6905B00DE40B7 /* Products */ = {
			isa = PBXGroup;
			children = (
				EBDD56571AA6905B00DE40B7 /* RelationShipCounter.app */,
				EBDD566C1AA6905B00DE40B7 /* RelationShipCounterTests.xctest */,
			);
			name = Products;
			sourceTree = "<group>";
		};
		EBDD56591AA6905B00DE40B7 /* RelationShipCounter */ = {
			isa = PBXGroup;
			children = (
				EBDD565C1AA6905B00DE40B7 /* AppDelegate.swift */,
				EBDD565E1AA6905B00DE40B7 /* ViewController.swift */,
				EBDD56601AA6905B00DE40B7 /* Main.storyboard */,
				EBDD56631AA6905B00DE40B7 /* Images.xcassets */,
				EBDD56651AA6905B00DE40B7 /* LaunchScreen.xib */,
				EBDD565A1AA6905B00DE40B7 /* Supporting Files */,
			);
			path = RelationShipCounter;
			sourceTree = "<group>";
		};
		EBDD565A1AA6905B00DE40B7 /* Supporting Files */ = {
			isa = PBXGroup;
			children = (
				EBDD565B1AA6905B00DE40B7 /* Info.plist */,
			);
			name = "Supporting Files";
			sourceTree = "<group>";
		};
		EBDD566F1AA6905B00DE40B7 /* RelationShipCounterTests */ = {
			isa = PBXGroup;
			children = (
				EBDD56721AA6905B00DE40B7 /* RelationShipCounterTests.swift */,
				EBDD56701AA6905B00DE40B7 /* Supporting Files */,
			);
			path = RelationShipCounterTests;
			sourceTree = "<group>";
		};
		EBDD56701AA6905B00DE40B7 /* Supporting Files */ = {
			isa = PBXGroup;
			children = (
				EBDD56711AA6905B00DE40B7 /* Info.plist */,
			);
			name = "Supporting Files";
			sourceTree = "<group>";
		};
/* End PBXGroup section */

/* Begin PBXNativeTarget section */
		EBDD56561AA6905B00DE40B7 /* RelationShipCounter */ = {
			isa = PBXNativeTarget;
			buildConfigurationList = EBDD56761AA6905B00DE40B7 /* Build configuration list for PBXNativeTarget "RelationShipCounter" */;
			buildPhases = (
				EBDD56531AA6905B00DE40B7 /* Sources */,
				EBDD56541AA6905B00DE40B7 /* Frameworks */,
				EBDD56551AA6905B00DE40B7 /* Resources */,
			);
			buildRules = (
			);
			dependencies = (
			);
			name = RelationShipCounter;
			productName = RelationShipCounter;
			productReference = EBDD56571AA6905B00DE40B7 /* RelationShipCounter.app */;
			productType = "com.apple.product-type.application";
		};
		EBDD566B1AA6905B00DE40B7 /* RelationShipCounterTests */ = {
			isa = PBXNativeTarget;
			buildConfigurationList = EBDD56791AA6905B00DE40B7 /* Build configuration list for PBXNativeTarget "RelationShipCounterTests" */;
			buildPhases = (
				EBDD56681AA6905B00DE40B7 /* Sources */,
				EBDD56691AA6905B00DE40B7 /* Frameworks */,
				EBDD566A1AA6905B00DE40B7 /* Resources */,
			);
			buildRules = (
			);
			dependencies = (
				EBDD566E1AA6905B00DE40B7 /* PBXTargetDependency */,
			);
			name = RelationShipCounterTests;
			productName = RelationShipCounterTests;
			productReference = EBDD566C1AA6905B00DE40B7 /* RelationShipCounterTests.xctest */;
			productType = "com.apple.product-type.bundle.unit-test";
		};
/* End PBXNativeTarget section */

/* Begin PBXProject section */
		EBDD564F1AA6905B00DE40B7 /* Project object */ = {
			isa = PBXProject;
			attributes = {
				LastUpgradeCheck = 0630;
				ORGANIZATIONNAME = LeeWong;
				TargetAttributes = {
					EBDD56561AA6905B00DE40B7 = {
						CreatedOnToolsVersion = 6.3;
					};
					EBDD566B1AA6905B00DE40B7 = {
						CreatedOnToolsVersion = 6.3;
						TestTargetID = EBDD56561AA6905B00DE40B7;
					};
				};
			};
			buildConfigurationList = EBDD56521AA6905B00DE40B7 /* Build configuration list for PBXProject "RelationShipCounter" */;
			compatibilityVersion = "Xcode 3.2";
			developmentRegion = English;
			hasScannedForEncodings = 0;
			knownRegions = (
				en,
				Base,
			);
			mainGroup = EBDD564E1AA6905B00DE40B7;
			productRefGroup = EBDD56581AA6905B00DE40B7 /* Products */;
			projectDirPath = "";
			projectRoot = "";
			targets = (
				EBDD56561AA6905B00DE40B7 /* RelationShipCounter */,
				EBDD566B1AA6905B00DE40B7 /* RelationShipCounterTests */,
			);
		};
/* End PBXProject section */

/* Begin PBXResourcesBuildPhase section */
		EBDD56551AA6905B00DE40B7 /* Resources */ = {
			isa = PBXResourcesBuildPhase;
			buildActionMask = 2147483647;
			files = (
				EBDD56621AA6905B00DE40B7 /* Main.storyboard in Resources */,
				EBDD56671AA6905B00DE40B7 /* LaunchScreen.xib in Resources */,
				EBDD56641AA6905B00DE40B7 /* Images.xcassets in Resources */,
			);
			runOnlyForDeploymentPostprocessing = 0;
		};
		EBDD566A1AA6905B00DE40B7 /* Resources */ = {
			isa = PBXResourcesBuildPhase;
			buildActionMask = 2147483647;
			files = (
			);
			runOnlyForDeploymentPostprocessing = 0;
		};
/* End PBXResourcesBuildPhase section */

/* Begin PBXSourcesBuildPhase section */
		EBDD56531AA6905B00DE40B7 /* Sources */ = {
			isa = PBXSourcesBuildPhase;
			buildActionMask = 2147483647;
			files = (
				EBDD565F1AA6905B00DE40B7 /* ViewController.swift in Sources */,
				EBDD565D1AA6905B00DE40B7 /* AppDelegate.swift in Sources */,
			);
			runOnlyForDeploymentPostprocessing = 0;
		};
		EBDD56681AA6905B00DE40B7 /* Sources */ = {
			isa = PBXSourcesBuildPhase;
			buildActionMask = 2147483647;
			files = (
				EBDD56731AA6905B00DE40B7 /* RelationShipCounterTests.swift in Sources */,
			);
			runOnlyForDeploymentPostprocessing = 0;
		};
/* End PBXSourcesBuildPhase section */

/* Begin PBXTargetDependency section */
		EBDD566E1AA6905B00DE40B7 /* PBXTargetDependency */ = {
			isa = PBXTargetDependency;
			target = EBDD56561AA6905B00DE40B7 /* RelationShipCounter */;
			targetProxy = EBDD566D1AA6905B00DE40B7 /* PBXContainerItemProxy */;
		};
/* End PBXTargetDependency section */

/* Begin PBXVariantGroup section */
		EBDD56601AA6905B00DE40B7 /* Main.storyboard */ = {
			isa = PBXVariantGroup;
			children = (
				EBDD56611AA6905B00DE40B7 /* Base */,
			);
			name = Main.storyboard;
			sourceTree = "<group>";
		};
		EBDD56651AA6905B00DE40B7 /* LaunchScreen.xib */ = {
			isa = PBXVariantGroup;
			children = (
				EBDD56661AA6905B00DE40B7 /* Base */,
			);
			name = LaunchScreen.xib;
			sourceTree = "<group>";
		};
/* End PBXVariantGroup section */

/* Begin XCBuildConfiguration section */
		EBDD56741AA6905B00DE40B7 /* Debug */ = {
			isa = XCBuildConfiguration;
			buildSettings = {
				ALWAYS_SEARCH_USER_PATHS = NO;
				CLANG_CXX_LANGUAGE_STANDARD = "gnu++0x";
				CLANG_CXX_LIBRARY = "libc++";
				CLANG_ENABLE_MODULES = YES;
				CLANG_ENABLE_OBJC_ARC = YES;
				CLANG_WARN_BOOL_CONVERSION = YES;
				CLANG_WARN_CONSTANT_CONVERSION = YES;
				CLANG_WARN_DIRECT_OBJC_ISA_USAGE = YES_ERROR;
				CLANG_WARN_EMPTY_BODY = YES;
				CLANG_WARN_ENUM_CONVERSION = YES;
				CLANG_WARN_INT_CONVERSION = YES;
				CLANG_WARN_OBJC_ROOT_CLASS = YES_ERROR;
				CLANG_WARN_UNREACHABLE_CODE = YES;
				CLANG_WARN__DUPLICATE_METHOD_MATCH = YES;
				"CODE_SIGN_IDENTITY[sdk=iphoneos*]" = "iPhone Developer";
				COPY_PHASE_STRIP = NO;
				DEBUG_INFORMATION_FORMAT = dwarf;
				ENABLE_STRICT_OBJC_MSGSEND = YES;
				GCC_C_LANGUAGE_STANDARD = gnu99;
				GCC_DYNAMIC_NO_PIC = NO;
				GCC_NO_COMMON_BLOCKS = YES;
				GCC_OPTIMIZATION_LEVEL = 0;
				GCC_PREPROCESSOR_DEFINITIONS = (
					"DEBUG=1",
					"$(inherited)",
				);
				GCC_SYMBOLS_PRIVATE_EXTERN = NO;
				GCC_WARN_64_TO_32_BIT_CONVERSION = YES;
				GCC_WARN_ABOUT_RETURN_TYPE = YES_ERROR;
				GCC_WARN_UNDECLARED_SELECTOR = YES;
				GCC_WARN_UNINITIALIZED_AUTOS = YES_AGGRESSIVE;
				GCC_WARN_UNUSED_FUNCTION = YES;
				GCC_WARN_UNUSED_VARIABLE = YES;
				IPHONEOS_DEPLOYMENT_TARGET = 8.3;
				MTL_ENABLE_DEBUG_INFO = YES;
				ONLY_ACTIVE_ARCH = YES;
				SDKROOT = iphoneos;
				SWIFT_OPTIMIZATION_LEVEL = "-Onone";
			};
			name = Debug;
		};
		EBDD56751AA6905B00DE40B7 /* Release */ = {
			isa = XCBuildConfiguration;
			buildSettings = {
				ALWAYS_SEARCH_USER_PATHS = NO;
				CLANG_CXX_LANGUAGE_STANDARD = "gnu++0x";
				CLANG_CXX_LIBRARY = "libc++";
				CLANG_ENABLE_MODULES = YES;
				CLANG_ENABLE_OBJC_ARC = YES;
				CLANG_WARN_BOOL_CONVERSION = YES;
				CLANG_WARN_CONSTANT_CONVERSION = YES;
				CLANG_WARN_DIRECT_OBJC_ISA_USAGE = YES_ERROR;
				CLANG_WARN_EMPTY_BODY = YES;
				CLANG_WARN_ENUM_CONVERSION = YES;
				CLANG_WARN_INT_CONVERSION = YES;
				CLANG_WARN_OBJC_ROOT_CLASS = YES_ERROR;
				CLANG_WARN_UNREACHABLE_CODE = YES;
				CLANG_WARN__DUPLICATE_METHOD_MATCH = YES;
				"CODE_SIGN_IDENTITY[sdk=iphoneos*]" = "iPhone Developer";
				COPY_PHASE_STRIP = NO;
				DEBUG_INFORMATION_FORMAT = "dwarf-with-dsym";
				ENABLE_NS_ASSERTIONS = NO;
				ENABLE_STRICT_OBJC_MSGSEND = YES;
				GCC_C_LANGUAGE_STANDARD = gnu99;
				GCC_NO_COMMON_BLOCKS = YES;
				GCC_WARN_64_TO_32_BIT_CONVERSION = YES;
				GCC_WARN_ABOUT_RETURN_TYPE = YES_ERROR;
				GCC_WARN_UNDECLARED_SELECTOR = YES;
				GCC_WARN_UNINITIALIZED_AUTOS = YES_AGGRESSIVE;
				GCC_WARN_UNUSED_FUNCTION = YES;
				GCC_WARN_UNUSED_VARIABLE = YES;
				IPHONEOS_DEPLOYMENT_TARGET = 8.3;
				MTL_ENABLE_DEBUG_INFO = NO;
				SDKROOT = iphoneos;
				VALIDATE_PRODUCT = YES;
			};
			name = Release;
		};
		EBDD56771AA6905B00DE40B7 /* Debug */ = {
			isa = XCBuildConfiguration;
			buildSettings = {
				ASSETCATALOG_COMPILER_APPICON_NAME = AppIcon;
				INFOPLIST_FILE = RelationShipCounter/Info.plist;
				LD_RUNPATH_SEARCH_PATHS = "$(inherited) @executable_path/Frameworks";
				PRODUCT_NAME = "$(TARGET_NAME)";
			};
			name = Debug;
		};
		EBDD56781AA6905B00DE40B7 /* Release */ = {
			isa = XCBuildConfiguration;
			buildSettings = {
				ASSETCATALOG_COMPILER_APPICON_NAME = AppIcon;
				INFOPLIST_FILE = RelationShipCounter/Info.plist;
				LD_RUNPATH_SEARCH_PATHS = "$(inherited) @executable_path/Frameworks";
				PRODUCT_NAME = "$(TARGET_NAME)";
			};
			name = Release;
		};
		EBDD567A1AA6905B00DE40B7 /* Debug */ = {
			isa = XCBuildConfiguration;
			buildSettings = {
				BUNDLE_LOADER = "$(TEST_HOST)";
				FRAMEWORK_SEARCH_PATHS = (
					"$(SDKROOT)/Developer/Library/Frameworks",
					"$(inherited)",
				);
				GCC_PREPROCESSOR_DEFINITIONS = (
					"DEBUG=1",
					"$(inherited)",
				);
				INFOPLIST_FILE = RelationShipCounterTests/Info.plist;
				LD_RUNPATH_SEARCH_PATHS = "$(inherited) @executable_path/Frameworks @loader_path/Frameworks";
				PRODUCT_NAME = "$(TARGET_NAME)";
				TEST_HOST = "$(BUILT_PRODUCTS_DIR)/RelationShipCounter.app/RelationShipCounter";
			};
			name = Debug;
		};
		EBDD567B1AA6905B00DE40B7 /* Release */ = {
			isa = XCBuildConfiguration;
			buildSettings = {
				BUNDLE_LOADER = "$(TEST_HOST)";
				FRAMEWORK_SEARCH_PATHS = (
					"$(SDKROOT)/Developer/Library/Frameworks",
					"$(inherited)",
				);
				INFOPLIST_FILE = RelationShipCounterTests/Info.plist;
				LD_RUNPATH_SEARCH_PATHS = "$(inherited) @executable_path/Frameworks @loader_path/Frameworks";
				PRODUCT_NAME = "$(TARGET_NAME)";
				TEST_HOST = "$(BUILT_PRODUCTS_DIR)/RelationShipCounter.app/RelationShipCounter";
			};
			name = Release;
		};
/* End XCBuildConfiguration section */

/* Begin XCConfigurationList section */
		EBDD56521AA6905B00DE40B7 /* Build configuration list for PBXProject "RelationShipCounter" */ = {
			isa = XCConfigurationList;
			buildConfigurations = (
				EBDD56741AA6905B00DE40B7 /* Debug */,
				EBDD56751AA6905B00DE40B7 /* Release */,
			);
			defaultConfigurationIsVisible = 0;
			defaultConfigurationName = Release;
		};
		EBDD56761AA6905B00DE40B7 /* Build configuration list for PBXNativeTarget "RelationShipCounter" */ = {
			isa = XCConfigurationList;
			buildConfigurations = (
				EBDD56771AA6905B00DE40B7 /* Debug */,
				EBDD56781AA6905B00DE40B7 /* Release */,
			);
			defaultConfigurationIsVisible = 0;
		};
		EBDD56791AA6905B00DE40B7 /* Build configuration list for PBXNativeTarget "RelationShipCounterTests" */ = {
			isa = XCConfigurationList;
			buildConfigurations = (
				EBDD567A1AA6905B00DE40B7 /* Debug */,
				EBDD567B1AA6905B00DE40B7 /* Release */,
			);
			defaultConfigurationIsVisible = 0;
		};
/* End XCConfigurationList section */
	};
	rootObject = EBDD564F1AA6905B00DE40B7 /* Project object */;
}
